
Microsoft Visual Studio Solution File, Format Version 12.00
# Visual Studio Version 17
VisualStudioVersion = 17.10.34916.146
MinimumVisualStudioVersion = 10.0.40219.1
Project("{8BC9CEB8-8B4A-11D0-8D11-00A0C91BC942}") = "ChatServer", "ChatServer.vcxproj", "{27F1F19A-51FE-418D-9CAC-12AA26D0DF1D}"
EndProject
Global
	GlobalSection(SolutionConfigurationPlatforms) = preSolution
		Debug|x64 = Debug|x64
		Debug|x86 = Debug|x86
		Release|x64 = Release|x64
		Release|x86 = Release|x86
	EndGlobalSection
	GlobalSection(ProjectConfigurationPlatforms) = postSolution
		{27F1F19A-51FE-418D-9CAC-12AA26D0DF1D}.Debug|x64.ActiveCfg = Debug|x64
		{27F1F19A-51FE-418D-9CAC-12AA26D0DF1D}.Debug|x64.Build.0 = Debug|x64
		{27F1F19A-51FE-418D-9CAC-12AA26D0DF1D}.Debug|x86.ActiveCfg = Debug|Win32
		{27F1F19A-51FE-418D-9CAC-12AA26D0DF1D}.Debug|x86.Build.0 = Debug|Win32
		{27F1F19A-51FE-418D-9CAC-12AA26D0DF1D}.Release|x64.ActiveCfg = Release|x64
		{27F1F19A-51FE-418D-9CAC-12AA26D0DF1D}.Release|x64.Build.0 = Release|x64
		{27F1F19A-51FE-418D-9CAC-12AA26D0DF1D}.Release|x86.ActiveCfg = Release|Win32
		{27F1F19A-51FE-418D-9CAC-12AA26D0DF1D}.Release|x86.Build.0 = Release|Win32
	EndGlobalSection
	GlobalSection(SolutionProperties) = preSolution
		HideSolutionNode = FALSE
	EndGlobalSection
	GlobalSection(ExtensibilityGlobals) = postSolution
		SolutionGuid = {70052B9E-52E6-408D-AAD5-35B2FA72DB63}
	EndGlobalSection
EndGlobal
